
Microsoft Visual Studio Solution File, Format Version 12.00
# Visual Studio 15
Project("{FAE04EC0-301F-11D3-BF4B-00C04F79EFBC}") = "Assembly-CSharp", "Assembly-CSharp.csproj", "{05055DD0-5539-AA68-B613-08D6FB4BFB48}"
EndProject
Global
	GlobalSection(SolutionConfigurationPlatforms) = preSolution
		Debug|Any CPU = Debug|Any CPU
		Release|Any CPU = Release|Any CPU
	EndGlobalSection
	GlobalSection(ProjectConfigurationPlatforms) = postSolution
		{05055DD0-5539-AA68-B613-08D6FB4BFB48}.Debug|Any CPU.ActiveCfg = Debug|Any CPU
		{05055DD0-5539-AA68-B613-08D6FB4BFB48}.Debug|Any CPU.Build.0 = Debug|Any CPU
		{05055DD0-5539-AA68-B613-08D6FB4BFB48}.Release|Any CPU.ActiveCfg = Release|Any CPU
		{05055DD0-5539-AA68-B613-08D6FB4BFB48}.Release|Any CPU.Build.0 = Release|Any CPU
	EndGlobalSection
	GlobalSection(SolutionProperties) = preSolution
		HideSolutionNode = FALSE
	EndGlobalSection
EndGlobal
